{
  "name": "tinybuildapp6245",
  "version": "0.0.0",
  "lockfileVersion": 3,
  "requires": true,
  "packages": {
    "": {
      "name": "tinybuildapp6245",
      "version": "0.0.0",
      "dependencies": {
        "dat.gui": "^0.7.9",
        "three": "^0.167.1"
      },
      "devDependencies": {}
    },
    "../../AppData/Roaming/npm/node_modules/tinybuild": {
      "version": "0.10.59",
      "extraneous": true,
      "license": "LGPL-3.0-or-later",
      "dependencies": {
        "chokidar": "~3.6.0",
        "esbuild": "*",
        "ws": "~8.17.1"
      },
      "bin": {
        "tinybuild": "tinybuild/bin/global.js"
      },
      "peerDependencies": {
        "typescript": "*"
      }
    },
    "node_modules/dat.gui": {
      "version": "0.7.9",
      "resolved": "https://registry.npmjs.org/dat.gui/-/dat.gui-0.7.9.tgz",
      "integrity": "sha512-sCNc1OHobc+Erc1HqiswYgHdVNpSJUlk/Hz8vzOCsER7rl+oF/4+v8GXFUyCgtXpoCX6+bnmg07DedLvBLwYKQ==",
      "license": "Apache-2.0"
    },
    "node_modules/three": {
      "version": "0.167.1",
      "resolved": "https://registry.npmjs.org/three/-/three-0.167.1.tgz",
      "integrity": "sha512-gYTLJA/UQip6J/tJvl91YYqlZF47+D/kxiWrbTon35ZHlXEN0VOo+Qke2walF1/x92v55H6enomymg4Dak52kw==",
      "license": "MIT"
    }
  }
}
